
Microsoft Visual Studio Solution File, Format Version 12.00
# Visual Studio Version 16
VisualStudioVersion = 16.0.29102.190
MinimumVisualStudioVersion = 10.0.40219.1
Project("{9A19103F-16F7-4668-BE54-9A1E7A4F7556}") = "Remember.Domain", "Remember.Domain\Remember.Domain.csproj", "{A5760CDD-924B-458F-8570-0D9E4B65845D}"
EndProject
Project("{2150E333-8FDC-42A3-9474-1A3956D46DE8}") = "3 - Domain", "3 - Domain", "{CE82A528-F77D-4BD2-8ED7-44CB6E202D35}"
EndProject
Project("{2150E333-8FDC-42A3-9474-1A3956D46DE8}") = "4 - Infra", "4 - Infra", "{C8DD8EBF-E146-4A1A-9C2E-D8E593DB964F}"
EndProject
Project("{2150E333-8FDC-42A3-9474-1A3956D46DE8}") = "2 - Services", "2 - Services", "{89591DE7-9F1B-48D0-92F3-47DCCDEE7E10}"
EndProject
Project("{2150E333-8FDC-42A3-9474-1A3956D46DE8}") = "1 - RestfulAPI", "1 - RestfulAPI", "{11749302-1094-4770-AFE6-9E16E9B6F455}"
EndProject
Project("{9A19103F-16F7-4668-BE54-9A1E7A4F7556}") = "Remember.DAL", "Remember.DAL\Remember.DAL.csproj", "{2A5A876E-63D6-4E91-9276-71539AA1D604}"
EndProject
Project("{9A19103F-16F7-4668-BE54-9A1E7A4F7556}") = "Remember.DAL.Tests", "Remember.DAL.Tests\Remember.DAL.Tests.csproj", "{0F72E782-DDAA-4334-9749-DD5B85184485}"
EndProject
Project("{9A19103F-16F7-4668-BE54-9A1E7A4F7556}") = "Remember.Services", "Remember.Services\Remember.Services.csproj", "{0418F7AA-E8AC-49F8-ABB2-D7214D8AB1C1}"
EndProject
Project("{9A19103F-16F7-4668-BE54-9A1E7A4F7556}") = "Remember.Services.Tests", "Remember.Services.Test\Remember.Services.Tests.csproj", "{CA5E30B6-89B9-4A75-B684-D479F41615C8}"
EndProject
Project("{9A19103F-16F7-4668-BE54-9A1E7A4F7556}") = "Remember.RestAPI", "Remember.RestAPI\Remember.RestAPI.csproj", "{EC63E050-83B9-4D61-9D7A-85CFF0E9B97E}"
EndProject
Project("{2150E333-8FDC-42A3-9474-1A3956D46DE8}") = "4.1 - Data", "4.1 - Data", "{1B6EF665-D8C5-48B9-B3FD-EA5463A8F669}"
EndProject
Project("{2150E333-8FDC-42A3-9474-1A3956D46DE8}") = "4.2 - CrossCutting", "4.2 - CrossCutting", "{30D70A4D-718C-4A6E-B937-CF7A71318959}"
EndProject
Project("{9A19103F-16F7-4668-BE54-9A1E7A4F7556}") = "Remember.CrossCutting.IoC", "Remember.CrossCutting.IoC\Remember.CrossCutting.IoC.csproj", "{250B90DE-07A3-4814-9BDE-7DA32225578D}"
EndProject
Global
	GlobalSection(SolutionConfigurationPlatforms) = preSolution
		Debug|Any CPU = Debug|Any CPU
		Release|Any CPU = Release|Any CPU
	EndGlobalSection
	GlobalSection(ProjectConfigurationPlatforms) = postSolution
		{A5760CDD-924B-458F-8570-0D9E4B65845D}.Debug|Any CPU.ActiveCfg = Debug|Any CPU
		{A5760CDD-924B-458F-8570-0D9E4B65845D}.Debug|Any CPU.Build.0 = Debug|Any CPU
		{A5760CDD-924B-458F-8570-0D9E4B65845D}.Release|Any CPU.ActiveCfg = Release|Any CPU
		{A5760CDD-924B-458F-8570-0D9E4B65845D}.Release|Any CPU.Build.0 = Release|Any CPU
		{2A5A876E-63D6-4E91-9276-71539AA1D604}.Debug|Any CPU.ActiveCfg = Debug|Any CPU
		{2A5A876E-63D6-4E91-9276-71539AA1D604}.Debug|Any CPU.Build.0 = Debug|Any CPU
		{2A5A876E-63D6-4E91-9276-71539AA1D604}.Release|Any CPU.ActiveCfg = Release|Any CPU
		{2A5A876E-63D6-4E91-9276-71539AA1D604}.Release|Any CPU.Build.0 = Release|Any CPU
		{0F72E782-DDAA-4334-9749-DD5B85184485}.Debug|Any CPU.ActiveCfg = Debug|Any CPU
		{0F72E782-DDAA-4334-9749-DD5B85184485}.Debug|Any CPU.Build.0 = Debug|Any CPU
		{0F72E782-DDAA-4334-9749-DD5B85184485}.Release|Any CPU.ActiveCfg = Release|Any CPU
		{0F72E782-DDAA-4334-9749-DD5B85184485}.Release|Any CPU.Build.0 = Release|Any CPU
		{0418F7AA-E8AC-49F8-ABB2-D7214D8AB1C1}.Debug|Any CPU.ActiveCfg = Debug|Any CPU
		{0418F7AA-E8AC-49F8-ABB2-D7214D8AB1C1}.Debug|Any CPU.Build.0 = Debug|Any CPU
		{0418F7AA-E8AC-49F8-ABB2-D7214D8AB1C1}.Release|Any CPU.ActiveCfg = Release|Any CPU
		{0418F7AA-E8AC-49F8-ABB2-D7214D8AB1C1}.Release|Any CPU.Build.0 = Release|Any CPU
		{CA5E30B6-89B9-4A75-B684-D479F41615C8}.Debug|Any CPU.ActiveCfg = Debug|Any CPU
		{CA5E30B6-89B9-4A75-B684-D479F41615C8}.Debug|Any CPU.Build.0 = Debug|Any CPU
		{CA5E30B6-89B9-4A75-B684-D479F41615C8}.Release|Any CPU.ActiveCfg = Release|Any CPU
		{CA5E30B6-89B9-4A75-B684-D479F41615C8}.Release|Any CPU.Build.0 = Release|Any CPU
		{EC63E050-83B9-4D61-9D7A-85CFF0E9B97E}.Debug|Any CPU.ActiveCfg = Debug|Any CPU
		{EC63E050-83B9-4D61-9D7A-85CFF0E9B97E}.Debug|Any CPU.Build.0 = Debug|Any CPU
		{EC63E050-83B9-4D61-9D7A-85CFF0E9B97E}.Release|Any CPU.ActiveCfg = Release|Any CPU
		{EC63E050-83B9-4D61-9D7A-85CFF0E9B97E}.Release|Any CPU.Build.0 = Release|Any CPU
		{250B90DE-07A3-4814-9BDE-7DA32225578D}.Debug|Any CPU.ActiveCfg = Debug|Any CPU
		{250B90DE-07A3-4814-9BDE-7DA32225578D}.Debug|Any CPU.Build.0 = Debug|Any CPU
		{250B90DE-07A3-4814-9BDE-7DA32225578D}.Release|Any CPU.ActiveCfg = Release|Any CPU
		{250B90DE-07A3-4814-9BDE-7DA32225578D}.Release|Any CPU.Build.0 = Release|Any CPU
	EndGlobalSection
	GlobalSection(SolutionProperties) = preSolution
		HideSolutionNode = FALSE
	EndGlobalSection
	GlobalSection(NestedProjects) = preSolution
		{A5760CDD-924B-458F-8570-0D9E4B65845D} = {CE82A528-F77D-4BD2-8ED7-44CB6E202D35}
		{2A5A876E-63D6-4E91-9276-71539AA1D604} = {1B6EF665-D8C5-48B9-B3FD-EA5463A8F669}
		{0F72E782-DDAA-4334-9749-DD5B85184485} = {1B6EF665-D8C5-48B9-B3FD-EA5463A8F669}
		{0418F7AA-E8AC-49F8-ABB2-D7214D8AB1C1} = {89591DE7-9F1B-48D0-92F3-47DCCDEE7E10}
		{CA5E30B6-89B9-4A75-B684-D479F41615C8} = {89591DE7-9F1B-48D0-92F3-47DCCDEE7E10}
		{EC63E050-83B9-4D61-9D7A-85CFF0E9B97E} = {11749302-1094-4770-AFE6-9E16E9B6F455}
		{1B6EF665-D8C5-48B9-B3FD-EA5463A8F669} = {C8DD8EBF-E146-4A1A-9C2E-D8E593DB964F}
		{30D70A4D-718C-4A6E-B937-CF7A71318959} = {C8DD8EBF-E146-4A1A-9C2E-D8E593DB964F}
		{250B90DE-07A3-4814-9BDE-7DA32225578D} = {30D70A4D-718C-4A6E-B937-CF7A71318959}
	EndGlobalSection
	GlobalSection(ExtensibilityGlobals) = postSolution
		SolutionGuid = {8ADB7842-10C8-497A-BBA3-424FA20738BB}
	EndGlobalSection
EndGlobal
